
Microsoft Visual Studio Solution File, Format Version 12.00
# Visual Studio Version 17
VisualStudioVersion = 17.3.32929.385
MinimumVisualStudioVersion = 10.0.40219.1
Project("{FAE04EC0-301F-11D3-BF4B-00C04F79EFBC}") = "WebAPI", "WebAPI\WebAPI.csproj", "{F6673997-1BA7-4585-A822-E3948386C8DB}"
EndProject
Global
	GlobalSection(SolutionConfigurationPlatforms) = preSolution
		Debug|Any CPU = Debug|Any CPU
		Release|Any CPU = Release|Any CPU
	EndGlobalSection
	GlobalSection(ProjectConfigurationPlatforms) = postSolution
		{F6673997-1BA7-4585-A822-E3948386C8DB}.Debug|Any CPU.ActiveCfg = Debug|Any CPU
		{F6673997-1BA7-4585-A822-E3948386C8DB}.Debug|Any CPU.Build.0 = Debug|Any CPU
		{F6673997-1BA7-4585-A822-E3948386C8DB}.Release|Any CPU.ActiveCfg = Release|Any CPU
		{F6673997-1BA7-4585-A822-E3948386C8DB}.Release|Any CPU.Build.0 = Release|Any CPU
	EndGlobalSection
	GlobalSection(SolutionProperties) = preSolution
		HideSolutionNode = FALSE
	EndGlobalSection
	GlobalSection(ExtensibilityGlobals) = postSolution
		SolutionGuid = {27E2A9C1-F7EE-4383-AC5C-CB0455B65212}
	EndGlobalSection
EndGlobal
